Microsoft Visual Studio Solution File, Format Version 12.00
# Visual Studio Version 17
VisualStudioVersion = 17.6.33723.286
MinimumVisualStudioVersion = 10.0.40219.1
Project("{FAE04EC0-301F-11D3-BF4B-00C04F79EFBC}") = "VineRobotControlApp", "VineRobotControlApp\\VineRobotControlApp.csproj", "{F825C7AC-FCC0-4415-8C9F-655A1CD3AB77}"
EndProject
Global
    GlobalSection(SolutionConfigurationPlatforms) = preSolution
        Debug|Any CPU = Debug|Any CPU
        Release|Any CPU = Release|Any CPU
    EndGlobalSection
    GlobalSection(ProjectConfigurationPlatforms) = postSolution
        {F825C7AC-FCC0-4415-8C9F-655A1CD3AB77}.Debug|Any CPU.ActiveCfg = Debug|Any CPU
        {F825C7AC-FCC0-4415-8C9F-655A1CD3AB77}.Debug|Any CPU.Build.0 = Debug|Any CPU
        {F825C7AC-FCC0-4415-8C9F-655A1CD3AB77}.Release|Any CPU.ActiveCfg = Release|Any CPU
        {F825C7AC-FCC0-4415-8C9F-655A1CD3AB77}.Release|Any CPU.Build.0 = Release|Any CPU
    EndGlobalSection
    GlobalSection(SolutionProperties) = preSolution
        HideSolutionNode = FALSE
    EndGlobalSection
    GlobalSection(ExtensibilityGlobals) = postSolution
        SolutionGuid = {EBE3480C-383B-44FC-B470-637F33E298CC}
    EndGlobalSection
EndGlobal
